PODS:
  - ZXExtension (0.0.9)

DEPENDENCIES:
  - ZXExtension (from `../ZXExtension.podspec`)

EXTERNAL SOURCES:
  ZXExtension:
    :path: "../ZXExtension.podspec"

SPEC CHECKSUMS:
  ZXExtension: ff9106be52a49265a145aef68af04a0c255f012b

PODFILE CHECKSUM: cefa54a9a6be93261ab3e8809ad95e8083c4f1e2

COCOAPODS: 1.10.0.beta.1
