PODS:
  - ZXExtension (0.1.2)

DEPENDENCIES:
  - ZXExtension (from `../ZXExtension.podspec`)

EXTERNAL SOURCES:
  ZXExtension:
    :path: "../ZXExtension.podspec"

SPEC CHECKSUMS:
  ZXExtension: 52346a5adffa8d75a8cb53510706a31cb296acd6

PODFILE CHECKSUM: cefa54a9a6be93261ab3e8809ad95e8083c4f1e2

COCOAPODS: 1.10.0.beta.1
