PODS:
  - ZXExtension (0.0.8)

DEPENDENCIES:
  - ZXExtension (from `../ZXExtension.podspec`)

EXTERNAL SOURCES:
  ZXExtension:
    :path: "../ZXExtension.podspec"

SPEC CHECKSUMS:
  ZXExtension: 6dcc8c06429ad4502da60a5a29b6e898e13912c6

PODFILE CHECKSUM: cefa54a9a6be93261ab3e8809ad95e8083c4f1e2

COCOAPODS: 1.10.0.beta.1
