// !$*UTF8*$!
{
	archiveVersion = 1;
	classes = {
	};
	objectVersion = 50;
	objects = {

/* Begin PBXBuildFile section */
		500C4A8224C026F600FCC24E /* AppDelegate.m in Sources */ = {isa = PBXBuildFile; fileRef = 500C4A8124C026F600FCC24E /* AppDelegate.m */; };
		500C4A8524C026F600FCC24E /* SceneDelegate.m in Sources */ = {isa = PBXBuildFile; fileRef = 500C4A8424C026F600FCC24E /* SceneDelegate.m */; };
		500C4A8824C026F600FCC24E /* ViewController.m in Sources */ = {isa = PBXBuildFile; fileRef = 500C4A8724C026F600FCC24E /* ViewController.m */; };
		500C4A8B24C026F600FCC24E /* Main.storyboard in Resources */ = {isa = PBXBuildFile; fileRef = 500C4A8924C026F600FCC24E /* Main.storyboard */; };
		500C4A8D24C026F700FCC24E /* Assets.xcassets in Resources */ = {isa = PBXBuildFile; fileRef = 500C4A8C24C026F700FCC24E /* Assets.xcassets */; };
		500C4A9024C026F700FCC24E /* LaunchScreen.storyboard in Resources */ = {isa = PBXBuildFile; fileRef = 500C4A8E24C026F700FCC24E /* LaunchScreen.storyboard */; };
		500C4A9324C026F700FCC24E /* main.m in Sources */ = {isa = PBXBuildFile; fileRef = 500C4A9224C026F700FCC24E /* main.m */; };
		501106CF24C13FCB007AA3B9 /* ZXExtension.framework in Frameworks */ = {isa = PBXBuildFile; fileRef = 501106CE24C13FCB007AA3B9 /* ZXExtension.framework */; };
/* End PBXBuildFile section */

/* Begin PBXFileReference section */
		500C4A7D24C026F600FCC24E /* iOS Example.app */ = {isa = PBXFileReference; explicitFileType = wrapper.application; includeInIndex = 0; path = "iOS Example.app"; sourceTree = BUILT_PRODUCTS_DIR; };
		500C4A8024C026F600FCC24E /* AppDelegate.h */ = {isa = PBXFileReference; lastKnownFileType = sourcecode.c.h; path = AppDelegate.h; sourceTree = "<group>"; };
		500C4A8124C026F600FCC24E /* AppDelegate.m */ = {isa = PBXFileReference; lastKnownFileType = sourcecode.c.objc; path = AppDelegate.m; sourceTree = "<group>"; };
		500C4A8324C026F600FCC24E /* SceneDelegate.h */ = {isa = PBXFileReference; lastKnownFileType = sourcecode.c.h; path = SceneDelegate.h; sourceTree = "<group>"; };
		500C4A8424C026F600FCC24E /* SceneDelegate.m */ = {isa = PBXFileReference; lastKnownFileType = sourcecode.c.objc; path = SceneDelegate.m; sourceTree = "<group>"; };
		500C4A8624C026F600FCC24E /* ViewController.h */ = {isa = PBXFileReference; lastKnownFileType = sourcecode.c.h; path = ViewController.h; sourceTree = "<group>"; };
		500C4A8724C026F600FCC24E /* ViewController.m */ = {isa = PBXFileReference; lastKnownFileType = sourcecode.c.objc; path = ViewController.m; sourceTree = "<group>"; };
		500C4A8A24C026F600FCC24E /* Base */ = {isa = PBXFileReference; lastKnownFileType = file.storyboard; name = Base; path = Base.lproj/Main.storyboard; sourceTree = "<group>"; };
		500C4A8C24C026F700FCC24E /* Assets.xcassets */ = {isa = PBXFileReference; lastKnownFileType = folder.assetcatalog; path = Assets.xcassets; sourceTree = "<group>"; };
		500C4A8F24C026F700FCC24E /* Base */ = {isa = PBXFileReference; lastKnownFileType = file.storyboard; name = Base; path = Base.lproj/LaunchScreen.storyboard; sourceTree = "<group>"; };
		500C4A9124C026F700FCC24E /* Info.plist */ = {isa = PBXFileReference; lastKnownFileType = text.plist.xml; path = Info.plist; sourceTree = "<group>"; };
		500C4A9224C026F700FCC24E /* main.m */ = {isa = PBXFileReference; lastKnownFileType = sourcecode.c.objc; path = main.m; sourceTree = "<group>"; };
		500C4A9A24C0274300FCC24E /* ZXExtension.framework */ = {isa = PBXFileReference; explicitFileType = wrapper.framework; path = ZXExtension.framework; sourceTree = BUILT_PRODUCTS_DIR; };
		501106CE24C13FCB007AA3B9 /* ZXExtension.framework */ = {isa = PBXFileReference; explicitFileType = wrapper.framework; path = ZXExtension.framework; sourceTree = BUILT_PRODUCTS_DIR; };
/* End PBXFileReference section */

/* Begin PBXFrameworksBuildPhase section */
		500C4A7A24C026F600FCC24E /* Frameworks */ = {
			isa = PBXFrameworksBuildPhase;
			buildActionMask = 2147483647;
			files = (
				501106CF24C13FCB007AA3B9 /* ZXExtension.framework in Frameworks */,
			);
			runOnlyForDeploymentPostprocessing = 0;
		};
/* End PBXFrameworksBuildPhase section */

/* Begin PBXGroup section */
		500C4A7424C026F600FCC24E = {
			isa = PBXGroup;
			children = (
				500C4A7F24C026F600FCC24E /* iOS Example */,
				500C4A7E24C026F600FCC24E /* Products */,
				500C4A9924C0274300FCC24E /* Frameworks */,
			);
			sourceTree = "<group>";
		};
		500C4A7E24C026F600FCC24E /* Products */ = {
			isa = PBXGroup;
			children = (
				500C4A7D24C026F600FCC24E /* iOS Example.app */,
			);
			name = Products;
			sourceTree = "<group>";
		};
		500C4A7F24C026F600FCC24E /* iOS Example */ = {
			isa = PBXGroup;
			children = (
				500C4A8024C026F600FCC24E /* AppDelegate.h */,
				500C4A8124C026F600FCC24E /* AppDelegate.m */,
				500C4A8324C026F600FCC24E /* SceneDelegate.h */,
				500C4A8424C026F600FCC24E /* SceneDelegate.m */,
				500C4A8624C026F600FCC24E /* ViewController.h */,
				500C4A8724C026F600FCC24E /* ViewController.m */,
				500C4A8924C026F600FCC24E /* Main.storyboard */,
				500C4A8C24C026F700FCC24E /* Assets.xcassets */,
				500C4A8E24C026F700FCC24E /* LaunchScreen.storyboard */,
				500C4A9124C026F700FCC24E /* Info.plist */,
				500C4A9224C026F700FCC24E /* main.m */,
			);
			path = "iOS Example";
			sourceTree = "<group>";
		};
		500C4A9924C0274300FCC24E /* Frameworks */ = {
			isa = PBXGroup;
			children = (
				501106CE24C13FCB007AA3B9 /* ZXExtension.framework */,
				500C4A9A24C0274300FCC24E /* ZXExtension.framework */,
			);
			name = Frameworks;
			sourceTree = "<group>";
		};
/* End PBXGroup section */

/* Begin PBXNativeTarget section */
		500C4A7C24C026F600FCC24E /* iOS Example */ = {
			isa = PBXNativeTarget;
			buildConfigurationList = 500C4A9624C026F700FCC24E /* Build configuration list for PBXNativeTarget "iOS Example" */;
			buildPhases = (
				500C4A7924C026F600FCC24E /* Sources */,
				500C4A7A24C026F600FCC24E /* Frameworks */,
				500C4A7B24C026F600FCC24E /* Resources */,
			);
			buildRules = (
			);
			dependencies = (
			);
			name = "iOS Example";
			productName = "iOS Example";
			productReference = 500C4A7D24C026F600FCC24E /* iOS Example.app */;
			productType = "com.apple.product-type.application";
		};
/* End PBXNativeTarget section */

/* Begin PBXProject section */
		500C4A7524C026F600FCC24E /* Project object */ = {
			isa = PBXProject;
			attributes = {
				LastUpgradeCheck = 1160;
				ORGANIZATIONNAME = QNVIP;
				TargetAttributes = {
					500C4A7C24C026F600FCC24E = {
						CreatedOnToolsVersion = 11.6;
					};
				};
			};
			buildConfigurationList = 500C4A7824C026F600FCC24E /* Build configuration list for PBXProject "iOS Example" */;
			compatibilityVersion = "Xcode 9.3";
			developmentRegion = en;
			hasScannedForEncodings = 0;
			knownRegions = (
				en,
				Base,
			);
			mainGroup = 500C4A7424C026F600FCC24E;
			productRefGroup = 500C4A7E24C026F600FCC24E /* Products */;
			projectDirPath = "";
			projectRoot = "";
			targets = (
				500C4A7C24C026F600FCC24E /* iOS Example */,
			);
		};
/* End PBXProject section */

/* Begin PBXResourcesBuildPhase section */
		500C4A7B24C026F600FCC24E /* Resources */ = {
			isa = PBXResourcesBuildPhase;
			buildActionMask = 2147483647;
			files = (
				500C4A9024C026F700FCC24E /* LaunchScreen.storyboard in Resources */,
				500C4A8D24C026F700FCC24E /* Assets.xcassets in Resources */,
				500C4A8B24C026F600FCC24E /* Main.storyboard in Resources */,
			);
			runOnlyForDeploymentPostprocessing = 0;
		};
/* End PBXResourcesBuildPhase section */

/* Begin PBXSourcesBuildPhase section */
		500C4A7924C026F600FCC24E /* Sources */ = {
			isa = PBXSourcesBuildPhase;
			buildActionMask = 2147483647;
			files = (
				500C4A8824C026F600FCC24E /* ViewController.m in Sources */,
				500C4A8224C026F600FCC24E /* AppDelegate.m in Sources */,
				500C4A9324C026F700FCC24E /* main.m in Sources */,
				500C4A8524C026F600FCC24E /* SceneDelegate.m in Sources */,
			);
			runOnlyForDeploymentPostprocessing = 0;
		};
/* End PBXSourcesBuildPhase section */

/* Begin PBXVariantGroup section */
		500C4A8924C026F600FCC24E /* Main.storyboard */ = {
			isa = PBXVariantGroup;
			children = (
				500C4A8A24C026F600FCC24E /* Base */,
			);
			name = Main.storyboard;
			sourceTree = "<group>";
		};
		500C4A8E24C026F700FCC24E /* LaunchScreen.storyboard */ = {
			isa = PBXVariantGroup;
			children = (
				500C4A8F24C026F700FCC24E /* Base */,
			);
			name = LaunchScreen.storyboard;
			sourceTree = "<group>";
		};
/* End PBXVariantGroup section */

/* Begin XCBuildConfiguration section */
		500C4A9424C026F700FCC24E /* Debug */ = {
			isa = XCBuildConfiguration;
			buildSettings = {
				ALWAYS_SEARCH_USER_PATHS = NO;
				CLANG_ANALYZER_NONNULL = YES;
				CLANG_ANALYZER_NUMBER_OBJECT_CONVERSION = YES_AGGRESSIVE;
				CLANG_CXX_LANGUAGE_STANDARD = "gnu++14";
				CLANG_CXX_LIBRARY = "libc++";
				CLANG_ENABLE_MODULES = YES;
				CLANG_ENABLE_OBJC_ARC = YES;
				CLANG_ENABLE_OBJC_WEAK = YES;
				CLANG_WARN_BLOCK_CAPTURE_AUTORELEASING = YES;
				CLANG_WARN_BOOL_CONVERSION = YES;
				CLANG_WARN_COMMA = YES;
				CLANG_WARN_CONSTANT_CONVERSION = YES;
				CLANG_WARN_DEPRECATED_OBJC_IMPLEMENTATIONS = YES;
				CLANG_WARN_DIRECT_OBJC_ISA_USAGE = YES_ERROR;
				CLANG_WARN_DOCUMENTATION_COMMENTS = YES;
				CLANG_WARN_EMPTY_BODY = YES;
				CLANG_WARN_ENUM_CONVERSION = YES;
				CLANG_WARN_INFINITE_RECURSION = YES;
				CLANG_WARN_INT_CONVERSION = YES;
				CLANG_WARN_NON_LITERAL_NULL_CONVERSION = YES;
				CLANG_WARN_OBJC_IMPLICIT_RETAIN_SELF = YES;
				CLANG_WARN_OBJC_LITERAL_CONVERSION = YES;
				CLANG_WARN_OBJC_ROOT_CLASS = YES_ERROR;
				CLANG_WARN_RANGE_LOOP_ANALYSIS = YES;
				CLANG_WARN_STRICT_PROTOTYPES = YES;
				CLANG_WARN_SUSPICIOUS_MOVE = YES;
				CLANG_WARN_UNGUARDED_AVAILABILITY = YES_AGGRESSIVE;
				CLANG_WARN_UNREACHABLE_CODE = YES;
				CLANG_WARN__DUPLICATE_METHOD_MATCH = YES;
				COPY_PHASE_STRIP = NO;
				DEBUG_INFORMATION_FORMAT = dwarf;
				ENABLE_STRICT_OBJC_MSGSEND = YES;
				ENABLE_TESTABILITY = YES;
				GCC_C_LANGUAGE_STANDARD = gnu11;
				GCC_DYNAMIC_NO_PIC = NO;
				GCC_NO_COMMON_BLOCKS = YES;
				GCC_OPTIMIZATION_LEVEL = 0;
				GCC_PREPROCESSOR_DEFINITIONS = (
					"DEBUG=1",
					"$(inherited)",
				);
				GCC_WARN_64_TO_32_BIT_CONVERSION = YES;
				GCC_WARN_ABOUT_RETURN_TYPE = YES_ERROR;
				GCC_WARN_UNDECLARED_SELECTOR = YES;
				GCC_WARN_UNINITIALIZED_AUTOS = YES_AGGRESSIVE;
				GCC_WARN_UNUSED_FUNCTION = YES;
				GCC_WARN_UNUSED_VARIABLE = YES;
				IPHONEOS_DEPLOYMENT_TARGET = 13.6;
				MTL_ENABLE_DEBUG_INFO = INCLUDE_SOURCE;
				MTL_FAST_MATH = YES;
				ONLY_ACTIVE_ARCH = YES;
				SDKROOT = iphoneos;
			};
			name = Debug;
		};
		500C4A9524C026F700FCC24E /* Release */ = {
			isa = XCBuildConfiguration;
			buildSettings = {
				ALWAYS_SEARCH_USER_PATHS = NO;
				CLANG_ANALYZER_NONNULL = YES;
				CLANG_ANALYZER_NUMBER_OBJECT_CONVERSION = YES_AGGRESSIVE;
				CLANG_CXX_LANGUAGE_STANDARD = "gnu++14";
				CLANG_CXX_LIBRARY = "libc++";
				CLANG_ENABLE_MODULES = YES;
				CLANG_ENABLE_OBJC_ARC = YES;
				CLANG_ENABLE_OBJC_WEAK = YES;
				CLANG_WARN_BLOCK_CAPTURE_AUTORELEASING = YES;
				CLANG_WARN_BOOL_CONVERSION = YES;
				CLANG_WARN_COMMA = YES;
				CLANG_WARN_CONSTANT_CONVERSION = YES;
				CLANG_WARN_DEPRECATED_OBJC_IMPLEMENTATIONS = YES;
				CLANG_WARN_DIRECT_OBJC_ISA_USAGE = YES_ERROR;
				CLANG_WARN_DOCUMENTATION_COMMENTS = YES;
				CLANG_WARN_EMPTY_BODY = YES;
				CLANG_WARN_ENUM_CONVERSION = YES;
				CLANG_WARN_INFINITE_RECURSION = YES;
				CLANG_WARN_INT_CONVERSION = YES;
				CLANG_WARN_NON_LITERAL_NULL_CONVERSION = YES;
				CLANG_WARN_OBJC_IMPLICIT_RETAIN_SELF = YES;
				CLANG_WARN_OBJC_LITERAL_CONVERSION = YES;
				CLANG_WARN_OBJC_ROOT_CLASS = YES_ERROR;
				CLANG_WARN_RANGE_LOOP_ANALYSIS = YES;
				CLANG_WARN_STRICT_PROTOTYPES = YES;
				CLANG_WARN_SUSPICIOUS_MOVE = YES;
				CLANG_WARN_UNGUARDED_AVAILABILITY = YES_AGGRESSIVE;
				CLANG_WARN_UNREACHABLE_CODE = YES;
				CLANG_WARN__DUPLICATE_METHOD_MATCH = YES;
				COPY_PHASE_STRIP = NO;
				DEBUG_INFORMATION_FORMAT = "dwarf-with-dsym";
				ENABLE_NS_ASSERTIONS = NO;
				ENABLE_STRICT_OBJC_MSGSEND = YES;
				GCC_C_LANGUAGE_STANDARD = gnu11;
				GCC_NO_COMMON_BLOCKS = YES;
				GCC_WARN_64_TO_32_BIT_CONVERSION = YES;
				GCC_WARN_ABOUT_RETURN_TYPE = YES_ERROR;
				GCC_WARN_UNDECLARED_SELECTOR = YES;
				GCC_WARN_UNINITIALIZED_AUTOS = YES_AGGRESSIVE;
				GCC_WARN_UNUSED_FUNCTION = YES;
				GCC_WARN_UNUSED_VARIABLE = YES;
				IPHONEOS_DEPLOYMENT_TARGET = 13.6;
				MTL_ENABLE_DEBUG_INFO = NO;
				MTL_FAST_MATH = YES;
				SDKROOT = iphoneos;
				VALIDATE_PRODUCT = YES;
			};
			name = Release;
		};
		500C4A9724C026F700FCC24E /* Debug */ = {
			isa = XCBuildConfiguration;
			buildSettings = {
				ASSETCATALOG_COMPILER_APPICON_NAME = AppIcon;
				CODE_SIGN_STYLE = Automatic;
				DEVELOPMENT_TEAM = SGEPGCZX2E;
				INFOPLIST_FILE = "iOS Example/Info.plist";
				LD_RUNPATH_SEARCH_PATHS = (
					"$(inherited)",
					"@executable_path/Frameworks",
				);
				PRODUCT_BUNDLE_IDENTIFIER = "com.qnvip.iOS-Example";
				PRODUCT_NAME = "$(TARGET_NAME)";
				TARGETED_DEVICE_FAMILY = "1,2";
			};
			name = Debug;
		};
		500C4A9824C026F700FCC24E /* Release */ = {
			isa = XCBuildConfiguration;
			buildSettings = {
				ASSETCATALOG_COMPILER_APPICON_NAME = AppIcon;
				CODE_SIGN_STYLE = Automatic;
				DEVELOPMENT_TEAM = SGEPGCZX2E;
				INFOPLIST_FILE = "iOS Example/Info.plist";
				LD_RUNPATH_SEARCH_PATHS = (
					"$(inherited)",
					"@executable_path/Frameworks",
				);
				PRODUCT_BUNDLE_IDENTIFIER = "com.qnvip.iOS-Example";
				PRODUCT_NAME = "$(TARGET_NAME)";
				TARGETED_DEVICE_FAMILY = "1,2";
			};
			name = Release;
		};
/* End XCBuildConfiguration section */

/* Begin XCConfigurationList section */
		500C4A7824C026F600FCC24E /* Build configuration list for PBXProject "iOS Example" */ = {
			isa = XCConfigurationList;
			buildConfigurations = (
				500C4A9424C026F700FCC24E /* Debug */,
				500C4A9524C026F700FCC24E /* Release */,
			);
			defaultConfigurationIsVisible = 0;
			defaultConfigurationName = Release;
		};
		500C4A9624C026F700FCC24E /* Build configuration list for PBXNativeTarget "iOS Example" */ = {
			isa = XCConfigurationList;
			buildConfigurations = (
				500C4A9724C026F700FCC24E /* Debug */,
				500C4A9824C026F700FCC24E /* Release */,
			);
			defaultConfigurationIsVisible = 0;
			defaultConfigurationName = Release;
		};
/* End XCConfigurationList section */
	};
	rootObject = 500C4A7524C026F600FCC24E /* Project object */;
}
